
Microsoft Visual Studio Solution File, Format Version 11.00
# Visual Studio 2010
Project("{8BC9CEB8-8B4A-11D0-8D11-00A0C91BC942}") = "PROG03", "PROG03\PROG03.vcxproj", "{0F0D404E-275B-4DAD-B91C-837D8B925985}"
EndProject
Global
	GlobalSection(SolutionConfigurationPlatforms) = preSolution
		Debug|Win32 = Debug|Win32
		Release|Win32 = Release|Win32
	EndGlobalSection
	GlobalSection(ProjectConfigurationPlatforms) = postSolution
		{0F0D404E-275B-4DAD-B91C-837D8B925985}.Debug|Win32.ActiveCfg = Debug|Win32
		{0F0D404E-275B-4DAD-B91C-837D8B925985}.Debug|Win32.Build.0 = Debug|Win32
		{0F0D404E-275B-4DAD-B91C-837D8B925985}.Release|Win32.ActiveCfg = Release|Win32
		{0F0D404E-275B-4DAD-B91C-837D8B925985}.Release|Win32.Build.0 = Release|Win32
	EndGlobalSection
	GlobalSection(SolutionProperties) = preSolution
		HideSolutionNode = FALSE
	EndGlobalSection
EndGlobal
